
Microsoft Visual Studio Solution File, Format Version 12.00
# Visual Studio Version 17
VisualStudioVersion = 17.11.35312.102
MinimumVisualStudioVersion = 10.0.40219.1
Project("{FAE04EC0-301F-11D3-BF4B-00C04F79EFBC}") = "BookStoreAPI", "BookStoreAPI\BookStoreAPI.csproj", "{7338AA50-E5BA-43A2-8D65-9DC72885D0F9}"
EndProject
Global
	GlobalSection(SolutionConfigurationPlatforms) = preSolution
		Debug|Any CPU = Debug|Any CPU
		Release|Any CPU = Release|Any CPU
	EndGlobalSection
	GlobalSection(ProjectConfigurationPlatforms) = postSolution
		{7338AA50-E5BA-43A2-8D65-9DC72885D0F9}.Debug|Any CPU.ActiveCfg = Debug|Any CPU
		{7338AA50-E5BA-43A2-8D65-9DC72885D0F9}.Debug|Any CPU.Build.0 = Debug|Any CPU
		{7338AA50-E5BA-43A2-8D65-9DC72885D0F9}.Release|Any CPU.ActiveCfg = Release|Any CPU
		{7338AA50-E5BA-43A2-8D65-9DC72885D0F9}.Release|Any CPU.Build.0 = Release|Any CPU
	EndGlobalSection
	GlobalSection(SolutionProperties) = preSolution
		HideSolutionNode = FALSE
	EndGlobalSection
	GlobalSection(ExtensibilityGlobals) = postSolution
		SolutionGuid = {5E5EF31B-C72D-4C2B-A36E-EBD589D4C1CA}
	EndGlobalSection
EndGlobal
